
Microsoft Visual Studio Solution File, Format Version 12.00
# Visual Studio Version 17
VisualStudioVersion = 17.7.34031.279
MinimumVisualStudioVersion = 10.0.40219.1
Project("{FAE04EC0-301F-11D3-BF4B-00C04F79EFBC}") = "AndroidApp", "AndroidApp.csproj", "{18BFA327-7488-4760-8162-A8B12FBE1162}"
EndProject
Global
	GlobalSection(SolutionConfigurationPlatforms) = preSolution
		Debug|Any CPU = Debug|Any CPU
		Release|Any CPU = Release|Any CPU
	EndGlobalSection
	GlobalSection(ProjectConfigurationPlatforms) = postSolution
		{18BFA327-7488-4760-8162-A8B12FBE1162}.Debug|Any CPU.ActiveCfg = Debug|Any CPU
		{18BFA327-7488-4760-8162-A8B12FBE1162}.Debug|Any CPU.Build.0 = Debug|Any CPU
		{18BFA327-7488-4760-8162-A8B12FBE1162}.Debug|Any CPU.Deploy.0 = Debug|Any CPU
		{18BFA327-7488-4760-8162-A8B12FBE1162}.Release|Any CPU.ActiveCfg = Release|Any CPU
		{18BFA327-7488-4760-8162-A8B12FBE1162}.Release|Any CPU.Build.0 = Release|Any CPU
		{18BFA327-7488-4760-8162-A8B12FBE1162}.Release|Any CPU.Deploy.0 = Release|Any CPU
	EndGlobalSection
	GlobalSection(SolutionProperties) = preSolution
		HideSolutionNode = FALSE
	EndGlobalSection
	GlobalSection(ExtensibilityGlobals) = postSolution
		SolutionGuid = {F51F190B-89F3-4C1B-AEE3-1B8793160E27}
	EndGlobalSection
EndGlobal
